hash: d6e7bc622a1badb7eee57e80e9e161e4b4ca115170ed7cd0d0df783f1f987c1e
updated: 2017-02-01T20:26:45.874381216+01:00
imports:
- name: github.com/dgrijalva/jwt-go
  version: e0b2941cad19a847fc16d4f32273498d41a84038
- name: github.com/go-kit/kit
  version: f66b0e13579bfc5a48b9e2a94b1209c107ea1f41
  subpackages:
  - auth/jwt
  - endpoint
  - log
  - transport/grpc
  - transport/http
- name: github.com/go-logfmt/logfmt
  version: 390ab7935ee28ec6b286364bba9b4dd6410cb3d5
- name: github.com/go-stack/stack
  version: 100eb0c0a9c5b306ca2fb4f165df21d80ada4b82
- name: github.com/gogo/protobuf
  version: 909568be09de550ed094403c2bf8a261b5bb730a
  subpackages:
  - proto
- name: github.com/golang/protobuf
  version: 8ee79997227bf9b34611aee7946ae64735e6fd93
  subpackages:
  - proto
- name: github.com/gorilla/handlers
  version: 3a5767ca75ece5f7f1440b1d16975247f8d8b221
- name: github.com/kr/logfmt
  version: b84e30acd515aadc4b783ad4ff83aff3299bdfe0
- name: github.com/moul/protoc-gen-gotemplate
  version: 6cbc8f35ebddcc457d4b788e40aec53fa3e5389e
  subpackages:
  - examples/go-kit/templates
- name: golang.org/x/net
  version: f2499483f923065a842d38eb4c7f1927e6fc6e6d
  subpackages:
  - context
  - context/ctxhttp
  - http2
  - http2/hpack
  - idna
  - internal/timeseries
  - lex/httplex
  - trace
- name: google.golang.org/grpc
  version: 708a7f9f3283aa2d4f6132d287d78683babe55c8
  subpackages:
  - codes
  - credentials
  - grpclog
  - internal
  - metadata
  - naming
  - peer
  - stats
  - tap
  - transport
- name: googlemaps.github.io/maps
  version: 61ce2cef47693eb7afabab2ae77fd218f928a0c4
  subpackages:
  - internal
testImports: []
